
Microsoft Visual Studio Solution File, Format Version 12.00
# Visual Studio Version 16
VisualStudioVersion = 16.0.32106.194
MinimumVisualStudioVersion = 10.0.40219.1
Project("{9A19103F-16F7-4668-BE54-9A1E7A4F7556}") = "FoodPlannerBlazor", "FoodPlannerBlazor\FoodPlannerBlazor.csproj", "{27F27D41-B249-4C00-8FDB-95584A217D96}"
EndProject
Project("{9A19103F-16F7-4668-BE54-9A1E7A4F7556}") = "FoodPlannerBlazor.Domain", "FoodPlannerBlazor.Domain\FoodPlannerBlazor.Domain.csproj", "{50CCCB19-0715-469C-83A5-D91DC27EB5D0}"
EndProject
Project("{9A19103F-16F7-4668-BE54-9A1E7A4F7556}") = "FoodPlannerBlazor.Infrastructure", "FoodPlannerBlazor.Infrastructure\FoodPlannerBlazor.Infrastructure.csproj", "{2D2C35FC-8BA3-4A5B-98D4-434209C5844F}"
EndProject
Project("{9A19103F-16F7-4668-BE54-9A1E7A4F7556}") = "FoodPlannerBlazor.Application", "FoodPlannerBlazor.Application\FoodPlannerBlazor.Application.csproj", "{C01BD245-4C18-45BF-A292-1658575877A6}"
EndProject
Project("{9A19103F-16F7-4668-BE54-9A1E7A4F7556}") = "FoodPlannerBlazor.Debug", "FoodPlannerBlazor.Debug\FoodPlannerBlazor.Debug.csproj", "{B933E4EA-642B-4337-8009-CF7322E0E3BD}"
EndProject
Global
	GlobalSection(SolutionConfigurationPlatforms) = preSolution
		Debug|Any CPU = Debug|Any CPU
		Release|Any CPU = Release|Any CPU
	EndGlobalSection
	GlobalSection(ProjectConfigurationPlatforms) = postSolution
		{27F27D41-B249-4C00-8FDB-95584A217D96}.Debug|Any CPU.ActiveCfg = Debug|Any CPU
		{27F27D41-B249-4C00-8FDB-95584A217D96}.Debug|Any CPU.Build.0 = Debug|Any CPU
		{27F27D41-B249-4C00-8FDB-95584A217D96}.Release|Any CPU.ActiveCfg = Release|Any CPU
		{27F27D41-B249-4C00-8FDB-95584A217D96}.Release|Any CPU.Build.0 = Release|Any CPU
		{50CCCB19-0715-469C-83A5-D91DC27EB5D0}.Debug|Any CPU.ActiveCfg = Debug|Any CPU
		{50CCCB19-0715-469C-83A5-D91DC27EB5D0}.Debug|Any CPU.Build.0 = Debug|Any CPU
		{50CCCB19-0715-469C-83A5-D91DC27EB5D0}.Release|Any CPU.ActiveCfg = Release|Any CPU
		{50CCCB19-0715-469C-83A5-D91DC27EB5D0}.Release|Any CPU.Build.0 = Release|Any CPU
		{2D2C35FC-8BA3-4A5B-98D4-434209C5844F}.Debug|Any CPU.ActiveCfg = Debug|Any CPU
		{2D2C35FC-8BA3-4A5B-98D4-434209C5844F}.Debug|Any CPU.Build.0 = Debug|Any CPU
		{2D2C35FC-8BA3-4A5B-98D4-434209C5844F}.Release|Any CPU.ActiveCfg = Release|Any CPU
		{2D2C35FC-8BA3-4A5B-98D4-434209C5844F}.Release|Any CPU.Build.0 = Release|Any CPU
		{C01BD245-4C18-45BF-A292-1658575877A6}.Debug|Any CPU.ActiveCfg = Debug|Any CPU
		{C01BD245-4C18-45BF-A292-1658575877A6}.Debug|Any CPU.Build.0 = Debug|Any CPU
		{C01BD245-4C18-45BF-A292-1658575877A6}.Release|Any CPU.ActiveCfg = Release|Any CPU
		{C01BD245-4C18-45BF-A292-1658575877A6}.Release|Any CPU.Build.0 = Release|Any CPU
		{B933E4EA-642B-4337-8009-CF7322E0E3BD}.Debug|Any CPU.ActiveCfg = Debug|Any CPU
		{B933E4EA-642B-4337-8009-CF7322E0E3BD}.Debug|Any CPU.Build.0 = Debug|Any CPU
		{B933E4EA-642B-4337-8009-CF7322E0E3BD}.Release|Any CPU.ActiveCfg = Release|Any CPU
		{B933E4EA-642B-4337-8009-CF7322E0E3BD}.Release|Any CPU.Build.0 = Release|Any CPU
	EndGlobalSection
	GlobalSection(SolutionProperties) = preSolution
		HideSolutionNode = FALSE
	EndGlobalSection
	GlobalSection(ExtensibilityGlobals) = postSolution
		SolutionGuid = {6529C9A1-EBB9-4719-B88D-EC188861CAC2}
	EndGlobalSection
EndGlobal
